
Microsoft Visual Studio Solution File, Format Version 12.00
# Visual Studio 14
VisualStudioVersion = 14.0.25420.1
MinimumVisualStudioVersion = 10.0.40219.1
Project("{FAE04EC0-301F-11D3-BF4B-00C04F79EFBC}") = "GladiatorTycoon.DatabaseEditor", "GladiatorTycoon\GladiatorTycoon.DatabaseEditor.csproj", "{C478AC95-4C0A-4CFB-BAF1-40FFA6673DAC}"
EndProject
Project("{FAE04EC0-301F-11D3-BF4B-00C04F79EFBC}") = "GladiatorTycoon.DataContext", "GladiatorTycoon.DataContext\GladiatorTycoon.DataContext.csproj", "{9E97B2D8-0B4D-4207-AA9F-B085B5BDBF4A}"
EndProject
Project("{FAE04EC0-301F-11D3-BF4B-00C04F79EFBC}") = "GladiatorTycoon.Entities", "GladiatorTycoon.Entities\GladiatorTycoon.Entities.csproj", "{1DAE9301-1FFD-4AA6-97E8-42CB86DF8125}"
EndProject
Project("{FAE04EC0-301F-11D3-BF4B-00C04F79EFBC}") = "GladiatorTycoon.Repositories", "GladiatorTycoon.Repository\GladiatorTycoon.Repositories.csproj", "{922E6873-1221-426D-AE82-85462948DFF1}"
EndProject
Project("{FAE04EC0-301F-11D3-BF4B-00C04F79EFBC}") = "GladiatorTycoon.Services", "GladiatorTycoon.Services\GladiatorTycoon.Services.csproj", "{F1F7E8EE-A9AD-4FB0-AE5C-415B67B3B9F9}"
EndProject
Project("{FAE04EC0-301F-11D3-BF4B-00C04F79EFBC}") = "GladiatorTycoon.Enums", "GladiatorTycoon.Enums\GladiatorTycoon.Enums.csproj", "{192766CC-96C6-4C65-BEBE-BC04304D612D}"
EndProject
Project("{FAE04EC0-301F-11D3-BF4B-00C04F79EFBC}") = "GladiatorTycoon.BattleSystem", "GladiatorTycoon.BattleSystem\GladiatorTycoon.BattleSystem.csproj", "{D148ADE9-A664-465B-9617-92F1BFEB5C36}"
EndProject
Project("{FAE04EC0-301F-11D3-BF4B-00C04F79EFBC}") = "GladiatorTycoon.Abilities", "GladiatorTycoon.Abilities\GladiatorTycoon.Abilities.csproj", "{4B1854CD-308B-4BE0-9536-D3E76929746E}"
EndProject
Project("{FAE04EC0-301F-11D3-BF4B-00C04F79EFBC}") = "GladiatorTycoon.ConsoleApp", "GladiatorTycoon.ConsoleApp\GladiatorTycoon.ConsoleApp.csproj", "{3F66D97F-033A-4679-A2DB-8170F01C82BE}"
EndProject
Project("{FAE04EC0-301F-11D3-BF4B-00C04F79EFBC}") = "GladiatorTycoon.Helper", "GladiatorTycoon.Helper\GladiatorTycoon.Helper.csproj", "{D94B3015-E444-42AA-97BB-01D7FF0DF672}"
EndProject
Global
	GlobalSection(SolutionConfigurationPlatforms) = preSolution
		Debug|Any CPU = Debug|Any CPU
		Release|Any CPU = Release|Any CPU
	EndGlobalSection
	GlobalSection(ProjectConfigurationPlatforms) = postSolution
		{C478AC95-4C0A-4CFB-BAF1-40FFA6673DAC}.Debug|Any CPU.ActiveCfg = Debug|Any CPU
		{C478AC95-4C0A-4CFB-BAF1-40FFA6673DAC}.Debug|Any CPU.Build.0 = Debug|Any CPU
		{C478AC95-4C0A-4CFB-BAF1-40FFA6673DAC}.Release|Any CPU.ActiveCfg = Release|Any CPU
		{C478AC95-4C0A-4CFB-BAF1-40FFA6673DAC}.Release|Any CPU.Build.0 = Release|Any CPU
		{9E97B2D8-0B4D-4207-AA9F-B085B5BDBF4A}.Debug|Any CPU.ActiveCfg = Debug|Any CPU
		{9E97B2D8-0B4D-4207-AA9F-B085B5BDBF4A}.Debug|Any CPU.Build.0 = Debug|Any CPU
		{9E97B2D8-0B4D-4207-AA9F-B085B5BDBF4A}.Release|Any CPU.ActiveCfg = Release|Any CPU
		{9E97B2D8-0B4D-4207-AA9F-B085B5BDBF4A}.Release|Any CPU.Build.0 = Release|Any CPU
		{1DAE9301-1FFD-4AA6-97E8-42CB86DF8125}.Debug|Any CPU.ActiveCfg = Debug|Any CPU
		{1DAE9301-1FFD-4AA6-97E8-42CB86DF8125}.Debug|Any CPU.Build.0 = Debug|Any CPU
		{1DAE9301-1FFD-4AA6-97E8-42CB86DF8125}.Release|Any CPU.ActiveCfg = Release|Any CPU
		{1DAE9301-1FFD-4AA6-97E8-42CB86DF8125}.Release|Any CPU.Build.0 = Release|Any CPU
		{922E6873-1221-426D-AE82-85462948DFF1}.Debug|Any CPU.ActiveCfg = Debug|Any CPU
		{922E6873-1221-426D-AE82-85462948DFF1}.Debug|Any CPU.Build.0 = Debug|Any CPU
		{922E6873-1221-426D-AE82-85462948DFF1}.Release|Any CPU.ActiveCfg = Release|Any CPU
		{922E6873-1221-426D-AE82-85462948DFF1}.Release|Any CPU.Build.0 = Release|Any CPU
		{F1F7E8EE-A9AD-4FB0-AE5C-415B67B3B9F9}.Debug|Any CPU.ActiveCfg = Debug|Any CPU
		{F1F7E8EE-A9AD-4FB0-AE5C-415B67B3B9F9}.Debug|Any CPU.Build.0 = Debug|Any CPU
		{F1F7E8EE-A9AD-4FB0-AE5C-415B67B3B9F9}.Release|Any CPU.ActiveCfg = Release|Any CPU
		{F1F7E8EE-A9AD-4FB0-AE5C-415B67B3B9F9}.Release|Any CPU.Build.0 = Release|Any CPU
		{192766CC-96C6-4C65-BEBE-BC04304D612D}.Debug|Any CPU.ActiveCfg = Debug|Any CPU
		{192766CC-96C6-4C65-BEBE-BC04304D612D}.Debug|Any CPU.Build.0 = Debug|Any CPU
		{192766CC-96C6-4C65-BEBE-BC04304D612D}.Release|Any CPU.ActiveCfg = Release|Any CPU
		{192766CC-96C6-4C65-BEBE-BC04304D612D}.Release|Any CPU.Build.0 = Release|Any CPU
		{D148ADE9-A664-465B-9617-92F1BFEB5C36}.Debug|Any CPU.ActiveCfg = Debug|Any CPU
		{D148ADE9-A664-465B-9617-92F1BFEB5C36}.Debug|Any CPU.Build.0 = Debug|Any CPU
		{D148ADE9-A664-465B-9617-92F1BFEB5C36}.Release|Any CPU.ActiveCfg = Release|Any CPU
		{D148ADE9-A664-465B-9617-92F1BFEB5C36}.Release|Any CPU.Build.0 = Release|Any CPU
		{4B1854CD-308B-4BE0-9536-D3E76929746E}.Debug|Any CPU.ActiveCfg = Debug|Any CPU
		{4B1854CD-308B-4BE0-9536-D3E76929746E}.Debug|Any CPU.Build.0 = Debug|Any CPU
		{4B1854CD-308B-4BE0-9536-D3E76929746E}.Release|Any CPU.ActiveCfg = Release|Any CPU
		{4B1854CD-308B-4BE0-9536-D3E76929746E}.Release|Any CPU.Build.0 = Release|Any CPU
		{3F66D97F-033A-4679-A2DB-8170F01C82BE}.Debug|Any CPU.ActiveCfg = Debug|Any CPU
		{3F66D97F-033A-4679-A2DB-8170F01C82BE}.Debug|Any CPU.Build.0 = Debug|Any CPU
		{3F66D97F-033A-4679-A2DB-8170F01C82BE}.Release|Any CPU.ActiveCfg = Release|Any CPU
		{3F66D97F-033A-4679-A2DB-8170F01C82BE}.Release|Any CPU.Build.0 = Release|Any CPU
		{D94B3015-E444-42AA-97BB-01D7FF0DF672}.Debug|Any CPU.ActiveCfg = Debug|Any CPU
		{D94B3015-E444-42AA-97BB-01D7FF0DF672}.Debug|Any CPU.Build.0 = Debug|Any CPU
		{D94B3015-E444-42AA-97BB-01D7FF0DF672}.Release|Any CPU.ActiveCfg = Release|Any CPU
		{D94B3015-E444-42AA-97BB-01D7FF0DF672}.Release|Any CPU.Build.0 = Release|Any CPU
	EndGlobalSection
	GlobalSection(SolutionProperties) = preSolution
		HideSolutionNode = FALSE
	EndGlobalSection
EndGlobal
